// !$*UTF8*$!
{
	archiveVersion = 1;
	classes = {
	};
	objectVersion = 50;
	objects = {

/* Begin PBXBuildFile section */
		AB8ADE1F21986896007EE65B /* AppDelegate.swift in Sources */ = {isa = PBXBuildFile; fileRef = AB8ADE1E21986896007EE65B /* AppDelegate.swift */; };
		AB8ADE2121986896007EE65B /* ViewController.swift in Sources */ = {isa = PBXBuildFile; fileRef = AB8ADE2021986896007EE65B /* ViewController.swift */; };
		AB8ADE2421986896007EE65B /* Main.storyboard in Resources */ = {isa = PBXBuildFile; fileRef = AB8ADE2221986896007EE65B /* Main.storyboard */; };
		AB8ADE262198689A007EE65B /* Assets.xcassets in Resources */ = {isa = PBXBuildFile; fileRef = AB8ADE252198689A007EE65B /* Assets.xcassets */; };
		AB8ADE292198689A007EE65B /* LaunchScreen.storyboard in Resources */ = {isa = PBXBuildFile; fileRef = AB8ADE272198689A007EE65B /* LaunchScreen.storyboard */; };
		ABEFD2B92198720300904ADA /* CurrentWeather.swift in Sources */ = {isa = PBXBuildFile; fileRef = ABEFD2B82198720300904ADA /* CurrentWeather.swift */; };
		ABEFD2BB219872B500904ADA /* WeatherIconManager.swift in Sources */ = {isa = PBXBuildFile; fileRef = ABEFD2BA219872B500904ADA /* WeatherIconManager.swift */; };
		ABEFD2BD21988DD500904ADA /* APIManager.swift in Sources */ = {isa = PBXBuildFile; fileRef = ABEFD2BC21988DD500904ADA /* APIManager.swift */; };
		ABEFD2BF2198931600904ADA /* ErrorManager.swift in Sources */ = {isa = PBXBuildFile; fileRef = ABEFD2BE2198931600904ADA /* ErrorManager.swift */; };
		ABEFD2C2219899E800904ADA /* APIWeatherManager.swift in Sources */ = {isa = PBXBuildFile; fileRef = ABEFD2C1219899E800904ADA /* APIWeatherManager.swift */; };
/* End PBXBuildFile section */

/* Begin PBXFileReference section */
		AB8ADE1B21986896007EE65B /* WeatherApp.app */ = {isa = PBXFileReference; explicitFileType = wrapper.application; includeInIndex = 0; path = WeatherApp.app; sourceTree = BUILT_PRODUCTS_DIR; };
		AB8ADE1E21986896007EE65B /* AppDelegate.swift */ = {isa = PBXFileReference; lastKnownFileType = sourcecode.swift; path = AppDelegate.swift; sourceTree = "<group>"; };
		AB8ADE2021986896007EE65B /* ViewController.swift */ = {isa = PBXFileReference; lastKnownFileType = sourcecode.swift; path = ViewController.swift; sourceTree = "<group>"; };
		AB8ADE2321986896007EE65B /* Base */ = {isa = PBXFileReference; lastKnownFileType = file.storyboard; name = Base; path = Base.lproj/Main.storyboard; sourceTree = "<group>"; };
		AB8ADE252198689A007EE65B /* Assets.xcassets */ = {isa = PBXFileReference; lastKnownFileType = folder.assetcatalog; path = Assets.xcassets; sourceTree = "<group>"; };
		AB8ADE282198689A007EE65B /* Base */ = {isa = PBXFileReference; lastKnownFileType = file.storyboard; name = Base; path = Base.lproj/LaunchScreen.storyboard; sourceTree = "<group>"; };
		AB8ADE2A2198689A007EE65B /* Info.plist */ = {isa = PBXFileReference; lastKnownFileType = text.plist.xml; path = Info.plist; sourceTree = "<group>"; };
		ABEFD2B82198720300904ADA /* CurrentWeather.swift */ = {isa = PBXFileReference; lastKnownFileType = sourcecode.swift; path = CurrentWeather.swift; sourceTree = "<group>"; };
		ABEFD2BA219872B500904ADA /* WeatherIconManager.swift */ = {isa = PBXFileReference; lastKnownFileType = sourcecode.swift; path = WeatherIconManager.swift; sourceTree = "<group>"; };
		ABEFD2BC21988DD500904ADA /* APIManager.swift */ = {isa = PBXFileReference; lastKnownFileType = sourcecode.swift; path = APIManager.swift; sourceTree = "<group>"; };
		ABEFD2BE2198931600904ADA /* ErrorManager.swift */ = {isa = PBXFileReference; lastKnownFileType = sourcecode.swift; path = ErrorManager.swift; sourceTree = "<group>"; };
		ABEFD2C1219899E800904ADA /* APIWeatherManager.swift */ = {isa = PBXFileReference; lastKnownFileType = sourcecode.swift; path = APIWeatherManager.swift; sourceTree = "<group>"; };
/* End PBXFileReference section */

/* Begin PBXFrameworksBuildPhase section */
		AB8ADE1821986896007EE65B /* Frameworks */ = {
			isa = PBXFrameworksBuildPhase;
			buildActionMask = 2147483647;
			files = (
			);
			runOnlyForDeploymentPostprocessing = 0;
		};
/* End PBXFrameworksBuildPhase section */

/* Begin PBXGroup section */
		AB8ADE1221986896007EE65B = {
			isa = PBXGroup;
			children = (
				AB8ADE1D21986896007EE65B /* WeatherApp */,
				AB8ADE1C21986896007EE65B /* Products */,
			);
			sourceTree = "<group>";
		};
		AB8ADE1C21986896007EE65B /* Products */ = {
			isa = PBXGroup;
			children = (
				AB8ADE1B21986896007EE65B /* WeatherApp.app */,
			);
			name = Products;
			sourceTree = "<group>";
		};
		AB8ADE1D21986896007EE65B /* WeatherApp */ = {
			isa = PBXGroup;
			children = (
				AB8ADE1E21986896007EE65B /* AppDelegate.swift */,
				AB8ADE2021986896007EE65B /* ViewController.swift */,
				ABEFD2BC21988DD500904ADA /* APIManager.swift */,
				ABEFD2C1219899E800904ADA /* APIWeatherManager.swift */,
				ABEFD2BE2198931600904ADA /* ErrorManager.swift */,
				ABEFD2C02198933100904ADA /* Weather model */,
				AB8ADE2221986896007EE65B /* Main.storyboard */,
				AB8ADE252198689A007EE65B /* Assets.xcassets */,
				AB8ADE272198689A007EE65B /* LaunchScreen.storyboard */,
				AB8ADE2A2198689A007EE65B /* Info.plist */,
			);
			path = WeatherApp;
			sourceTree = "<group>";
		};
		ABEFD2C02198933100904ADA /* Weather model */ = {
			isa = PBXGroup;
			children = (
				ABEFD2B82198720300904ADA /* CurrentWeather.swift */,
				ABEFD2BA219872B500904ADA /* WeatherIconManager.swift */,
			);
			path = "Weather model";
			sourceTree = "<group>";
		};
/* End PBXGroup section */

/* Begin PBXNativeTarget section */
		AB8ADE1A21986896007EE65B /* WeatherApp */ = {
			isa = PBXNativeTarget;
			buildConfigurationList = AB8ADE2D2198689A007EE65B /* Build configuration list for PBXNativeTarget "WeatherApp" */;
			buildPhases = (
				AB8ADE1721986896007EE65B /* Sources */,
				AB8ADE1821986896007EE65B /* Frameworks */,
				AB8ADE1921986896007EE65B /* Resources */,
			);
			buildRules = (
			);
			dependencies = (
			);
			name = WeatherApp;
			productName = WeatherApp;
			productReference = AB8ADE1B21986896007EE65B /* WeatherApp.app */;
			productType = "com.apple.product-type.application";
		};
/* End PBXNativeTarget section */

/* Begin PBXProject section */
		AB8ADE1321986896007EE65B /* Project object */ = {
			isa = PBXProject;
			attributes = {
				LastSwiftUpdateCheck = 1010;
				LastUpgradeCheck = 1010;
				ORGANIZATIONNAME = "Алексей Воронов";
				TargetAttributes = {
					AB8ADE1A21986896007EE65B = {
						CreatedOnToolsVersion = 10.1;
					};
				};
			};
			buildConfigurationList = AB8ADE1621986896007EE65B /* Build configuration list for PBXProject "WeatherApp" */;
			compatibilityVersion = "Xcode 9.3";
			developmentRegion = en;
			hasScannedForEncodings = 0;
			knownRegions = (
				en,
				Base,
			);
			mainGroup = AB8ADE1221986896007EE65B;
			productRefGroup = AB8ADE1C21986896007EE65B /* Products */;
			projectDirPath = "";
			projectRoot = "";
			targets = (
				AB8ADE1A21986896007EE65B /* WeatherApp */,
			);
		};
/* End PBXProject section */

/* Begin PBXResourcesBuildPhase section */
		AB8ADE1921986896007EE65B /* Resources */ = {
			isa = PBXResourcesBuildPhase;
			buildActionMask = 2147483647;
			files = (
				AB8ADE292198689A007EE65B /* LaunchScreen.storyboard in Resources */,
				AB8ADE262198689A007EE65B /* Assets.xcassets in Resources */,
				AB8ADE2421986896007EE65B /* Main.storyboard in Resources */,
			);
			runOnlyForDeploymentPostprocessing = 0;
		};
/* End PBXResourcesBuildPhase section */

/* Begin PBXSourcesBuildPhase section */
		AB8ADE1721986896007EE65B /* Sources */ = {
			isa = PBXSourcesBuildPhase;
			buildActionMask = 2147483647;
			files = (
				ABEFD2BF2198931600904ADA /* ErrorManager.swift in Sources */,
				AB8ADE2121986896007EE65B /* ViewController.swift in Sources */,
				ABEFD2B92198720300904ADA /* CurrentWeather.swift in Sources */,
				ABEFD2BD21988DD500904ADA /* APIManager.swift in Sources */,
				ABEFD2C2219899E800904ADA /* APIWeatherManager.swift in Sources */,
				AB8ADE1F21986896007EE65B /* AppDelegate.swift in Sources */,
				ABEFD2BB219872B500904ADA /* WeatherIconManager.swift in Sources */,
			);
			runOnlyForDeploymentPostprocessing = 0;
		};
/* End PBXSourcesBuildPhase section */

/* Begin PBXVariantGroup section */
		AB8ADE2221986896007EE65B /* Main.storyboard */ = {
			isa = PBXVariantGroup;
			children = (
				AB8ADE2321986896007EE65B /* Base */,
			);
			name = Main.storyboard;
			sourceTree = "<group>";
		};
		AB8ADE272198689A007EE65B /* LaunchScreen.storyboard */ = {
			isa = PBXVariantGroup;
			children = (
				AB8ADE282198689A007EE65B /* Base */,
			);
			name = LaunchScreen.storyboard;
			sourceTree = "<group>";
		};
/* End PBXVariantGroup section */

/* Begin XCBuildConfiguration section */
		AB8ADE2B2198689A007EE65B /* Debug */ = {
			isa = XCBuildConfiguration;
			buildSettings = {
				ALWAYS_SEARCH_USER_PATHS = NO;
				CLANG_ANALYZER_NONNULL = YES;
				CLANG_ANALYZER_NUMBER_OBJECT_CONVERSION = YES_AGGRESSIVE;
				CLANG_CXX_LANGUAGE_STANDARD = "gnu++14";
				CLANG_CXX_LIBRARY = "libc++";
				CLANG_ENABLE_MODULES = YES;
				CLANG_ENABLE_OBJC_ARC = YES;
				CLANG_ENABLE_OBJC_WEAK = YES;
				CLANG_WARN_BLOCK_CAPTURE_AUTORELEASING = YES;
				CLANG_WARN_BOOL_CONVERSION = YES;
				CLANG_WARN_COMMA = YES;
				CLANG_WARN_CONSTANT_CONVERSION = YES;
				CLANG_WARN_DEPRECATED_OBJC_IMPLEMENTATIONS = YES;
				CLANG_WARN_DIRECT_OBJC_ISA_USAGE = YES_ERROR;
				CLANG_WARN_DOCUMENTATION_COMMENTS = YES;
				CLANG_WARN_EMPTY_BODY = YES;
				CLANG_WARN_ENUM_CONVERSION = YES;
				CLANG_WARN_INFINITE_RECURSION = YES;
				CLANG_WARN_INT_CONVERSION = YES;
				CLANG_WARN_NON_LITERAL_NULL_CONVERSION = YES;
				CLANG_WARN_OBJC_IMPLICIT_RETAIN_SELF = YES;
				CLANG_WARN_OBJC_LITERAL_CONVERSION = YES;
				CLANG_WARN_OBJC_ROOT_CLASS = YES_ERROR;
				CLANG_WARN_RANGE_LOOP_ANALYSIS = YES;
				CLANG_WARN_STRICT_PROTOTYPES = YES;
				CLANG_WARN_SUSPICIOUS_MOVE = YES;
				CLANG_WARN_UNGUARDED_AVAILABILITY = YES_AGGRESSIVE;
				CLANG_WARN_UNREACHABLE_CODE = YES;
				CLANG_WARN__DUPLICATE_METHOD_MATCH = YES;
				CODE_SIGN_IDENTITY = "iPhone Developer";
				COPY_PHASE_STRIP = NO;
				DEBUG_INFORMATION_FORMAT = dwarf;
				ENABLE_STRICT_OBJC_MSGSEND = YES;
				ENABLE_TESTABILITY = YES;
				GCC_C_LANGUAGE_STANDARD = gnu11;
				GCC_DYNAMIC_NO_PIC = NO;
				GCC_NO_COMMON_BLOCKS = YES;
				GCC_OPTIMIZATION_LEVEL = 0;
				GCC_PREPROCESSOR_DEFINITIONS = (
					"DEBUG=1",
					"$(inherited)",
				);
				GCC_WARN_64_TO_32_BIT_CONVERSION = YES;
				GCC_WARN_ABOUT_RETURN_TYPE = YES_ERROR;
				GCC_WARN_UNDECLARED_SELECTOR = YES;
				GCC_WARN_UNINITIALIZED_AUTOS = YES_AGGRESSIVE;
				GCC_WARN_UNUSED_FUNCTION = YES;
				GCC_WARN_UNUSED_VARIABLE = YES;
				IPHONEOS_DEPLOYMENT_TARGET = 12.1;
				MTL_ENABLE_DEBUG_INFO = INCLUDE_SOURCE;
				MTL_FAST_MATH = YES;
				ONLY_ACTIVE_ARCH = YES;
				SDKROOT = iphoneos;
				SWIFT_ACTIVE_COMPILATION_CONDITIONS = DEBUG;
				SWIFT_OPTIMIZATION_LEVEL = "-Onone";
			};
			name = Debug;
		};
		AB8ADE2C2198689A007EE65B /* Release */ = {
			isa = XCBuildConfiguration;
			buildSettings = {
				ALWAYS_SEARCH_USER_PATHS = NO;
				CLANG_ANALYZER_NONNULL = YES;
				CLANG_ANALYZER_NUMBER_OBJECT_CONVERSION = YES_AGGRESSIVE;
				CLANG_CXX_LANGUAGE_STANDARD = "gnu++14";
				CLANG_CXX_LIBRARY = "libc++";
				CLANG_ENABLE_MODULES = YES;
				CLANG_ENABLE_OBJC_ARC = YES;
				CLANG_ENABLE_OBJC_WEAK = YES;
				CLANG_WARN_BLOCK_CAPTURE_AUTORELEASING = YES;
				CLANG_WARN_BOOL_CONVERSION = YES;
				CLANG_WARN_COMMA = YES;
				CLANG_WARN_CONSTANT_CONVERSION = YES;
				CLANG_WARN_DEPRECATED_OBJC_IMPLEMENTATIONS = YES;
				CLANG_WARN_DIRECT_OBJC_ISA_USAGE = YES_ERROR;
				CLANG_WARN_DOCUMENTATION_COMMENTS = YES;
				CLANG_WARN_EMPTY_BODY = YES;
				CLANG_WARN_ENUM_CONVERSION = YES;
				CLANG_WARN_INFINITE_RECURSION = YES;
				CLANG_WARN_INT_CONVERSION = YES;
				CLANG_WARN_NON_LITERAL_NULL_CONVERSION = YES;
				CLANG_WARN_OBJC_IMPLICIT_RETAIN_SELF = YES;
				CLANG_WARN_OBJC_LITERAL_CONVERSION = YES;
				CLANG_WARN_OBJC_ROOT_CLASS = YES_ERROR;
				CLANG_WARN_RANGE_LOOP_ANALYSIS = YES;
				CLANG_WARN_STRICT_PROTOTYPES = YES;
				CLANG_WARN_SUSPICIOUS_MOVE = YES;
				CLANG_WARN_UNGUARDED_AVAILABILITY = YES_AGGRESSIVE;
				CLANG_WARN_UNREACHABLE_CODE = YES;
				CLANG_WARN__DUPLICATE_METHOD_MATCH = YES;
				CODE_SIGN_IDENTITY = "iPhone Developer";
				COPY_PHASE_STRIP = NO;
				DEBUG_INFORMATION_FORMAT = "dwarf-with-dsym";
				ENABLE_NS_ASSERTIONS = NO;
				ENABLE_STRICT_OBJC_MSGSEND = YES;
				GCC_C_LANGUAGE_STANDARD = gnu11;
				GCC_NO_COMMON_BLOCKS = YES;
				GCC_WARN_64_TO_32_BIT_CONVERSION = YES;
				GCC_WARN_ABOUT_RETURN_TYPE = YES_ERROR;
				GCC_WARN_UNDECLARED_SELECTOR = YES;
				GCC_WARN_UNINITIALIZED_AUTOS = YES_AGGRESSIVE;
				GCC_WARN_UNUSED_FUNCTION = YES;
				GCC_WARN_UNUSED_VARIABLE = YES;
				IPHONEOS_DEPLOYMENT_TARGET = 12.1;
				MTL_ENABLE_DEBUG_INFO = NO;
				MTL_FAST_MATH = YES;
				SDKROOT = iphoneos;
				SWIFT_COMPILATION_MODE = wholemodule;
				SWIFT_OPTIMIZATION_LEVEL = "-O";
				VALIDATE_PRODUCT = YES;
			};
			name = Release;
		};
		AB8ADE2E2198689A007EE65B /* Debug */ = {
			isa = XCBuildConfiguration;
			buildSettings = {
				ASSETCATALOG_COMPILER_APPICON_NAME = AppIcon;
				CODE_SIGN_STYLE = Automatic;
				DEVELOPMENT_TEAM = N8AX386RTP;
				INFOPLIST_FILE = WeatherApp/Info.plist;
				LD_RUNPATH_SEARCH_PATHS = (
					"$(inherited)",
					"@executable_path/Frameworks",
				);
				PRODUCT_BUNDLE_IDENTIFIER = AlexeyVoronov.WeatherApp;
				PRODUCT_NAME = "$(TARGET_NAME)";
				SWIFT_VERSION = 4.2;
				TARGETED_DEVICE_FAMILY = "1,2";
			};
			name = Debug;
		};
		AB8ADE2F2198689A007EE65B /* Release */ = {
			isa = XCBuildConfiguration;
			buildSettings = {
				ASSETCATALOG_COMPILER_APPICON_NAME = AppIcon;
				CODE_SIGN_STYLE = Automatic;
				DEVELOPMENT_TEAM = N8AX386RTP;
				INFOPLIST_FILE = WeatherApp/Info.plist;
				LD_RUNPATH_SEARCH_PATHS = (
					"$(inherited)",
					"@executable_path/Frameworks",
				);
				PRODUCT_BUNDLE_IDENTIFIER = AlexeyVoronov.WeatherApp;
				PRODUCT_NAME = "$(TARGET_NAME)";
				SWIFT_VERSION = 4.2;
				TARGETED_DEVICE_FAMILY = "1,2";
			};
			name = Release;
		};
/* End XCBuildConfiguration section */

/* Begin XCConfigurationList section */
		AB8ADE1621986896007EE65B /* Build configuration list for PBXProject "WeatherApp" */ = {
			isa = XCConfigurationList;
			buildConfigurations = (
				AB8ADE2B2198689A007EE65B /* Debug */,
				AB8ADE2C2198689A007EE65B /* Release */,
			);
			defaultConfigurationIsVisible = 0;
			defaultConfigurationName = Release;
		};
		AB8ADE2D2198689A007EE65B /* Build configuration list for PBXNativeTarget "WeatherApp" */ = {
			isa = XCConfigurationList;
			buildConfigurations = (
				AB8ADE2E2198689A007EE65B /* Debug */,
				AB8ADE2F2198689A007EE65B /* Release */,
			);
			defaultConfigurationIsVisible = 0;
			defaultConfigurationName = Release;
		};
/* End XCConfigurationList section */
	};
	rootObject = AB8ADE1321986896007EE65B /* Project object */;
}
